{
    "_readme": [
        "This file locks the dependencies of your project to a known state",
        "Read more about it at https://getcomposer.org/doc/01-basic-usage.md#installing-dependencies",
        "This file is @generated automatically"
    ],
    "content-hash": "637b279c3e47c8af5fce0318dd3e0ca0",
    "packages": [
        {
            "name": "jetbrains/phpstorm-attributes",
            "version": "1.0",
            "source": {
                "type": "git",
                "url": "https://github.com/JetBrains/phpstorm-attributes.git",
                "reference": "a7a83ae5df4dd3c0875484483de19de8edf60a9f"
            },
            "dist": {
                "type": "zip",
                "url": "https://api.github.com/repos/JetBrains/phpstorm-attributes/zipball/a7a83ae5df4dd3c0875484483de19de8edf60a9f",
                "reference": "a7a83ae5df4dd3c0875484483de19de8edf60a9f",
                "shasum": ""
            },
            "type": "library",
            "autoload": {
                "psr-4": {
                    "JetBrains\\PhpStorm\\": "src/"
                }
            },
            "notification-url": "https://packagist.org/downloads/",
            "license": [
                "Apache-2.0"
            ],
            "authors": [
                {
                    "name": "JetBrains",
                    "homepage": "https://www.jetbrains.com"
                }
            ],
            "description": "PhpStorm specific attributes",
            "keywords": [
                "attributes",
                "jetbrains",
                "phpstorm"
            ],
            "support": {
                "issues": "https://youtrack.jetbrains.com/newIssue?project=WI",
                "source": "https://github.com/JetBrains/phpstorm-attributes/tree/1.0"
            },
            "time": "2020-11-17T11:09:47+00:00"
        }
    ],
    "packages-dev": [
        {
            "name": "laravel/pint",
            "version": "v1.13.9",
            "source": {
                "type": "git",
                "url": "https://github.com/laravel/pint.git",
                "reference": "e3e269cc5d874c8efd2dc7962b1c7ff2585fe525"
            },
            "dist": {
                "type": "zip",
                "url": "https://api.github.com/repos/laravel/pint/zipball/e3e269cc5d874c8efd2dc7962b1c7ff2585fe525",
                "reference": "e3e269cc5d874c8efd2dc7962b1c7ff2585fe525",
                "shasum": ""
            },
            "require": {
                "ext-json": "*",
                "ext-mbstring": "*",
                "ext-tokenizer": "*",
                "ext-xml": "*",
                "php": "^8.1.0"
            },
            "require-dev": {
                "friendsofphp/php-cs-fixer": "^3.47.0",
                "illuminate/view": "^10.40.0",
                "larastan/larastan": "^2.8.1",
                "laravel-zero/framework": "^10.3.0",
                "mockery/mockery": "^1.6.7",
                "nunomaduro/termwind": "^1.15.1",
                "pestphp/pest": "^2.31.0"
            },
            "bin": [
                "builds/pint"
            ],
            "type": "project",
            "autoload": {
                "psr-4": {
                    "App\\": "app/",
                    "Database\\Seeders\\": "database/seeders/",
                    "Database\\Factories\\": "database/factories/"
                }
            },
            "notification-url": "https://packagist.org/downloads/",
            "license": [
                "MIT"
            ],
            "authors": [
                {
                    "name": "Nuno Maduro",
                    "email": "enunomaduro@gmail.com"
                }
            ],
            "description": "An opinionated code formatter for PHP.",
            "homepage": "https://laravel.com",
            "keywords": [
                "format",
                "formatter",
                "lint",
                "linter",
                "php"
            ],
            "support": {
                "issues": "https://github.com/laravel/pint/issues",
                "source": "https://github.com/laravel/pint"
            },
            "time": "2024-01-16T17:39:29+00:00"
        },
        {
            "name": "mikey179/vfsstream",
            "version": "v1.6.11",
            "source": {
                "type": "git",
                "url": "https://github.com/bovigo/vfsStream.git",
                "reference": "17d16a85e6c26ce1f3e2fa9ceeacdc2855db1e9f"
            },
            "dist": {
                "type": "zip",
                "url": "https://api.github.com/repos/bovigo/vfsStream/zipball/17d16a85e6c26ce1f3e2fa9ceeacdc2855db1e9f",
                "reference": "17d16a85e6c26ce1f3e2fa9ceeacdc2855db1e9f",
                "shasum": ""
            },
            "require": {
                "php": ">=5.3.0"
            },
            "require-dev": {
                "phpunit/phpunit": "^4.5|^5.0"
            },
            "type": "library",
            "extra": {
                "branch-alias": {
                    "dev-master": "1.6.x-dev"
                }
            },
            "autoload": {
                "psr-0": {
                    "org\\bovigo\\vfs\\": "src/main/php"
                }
            },
            "notification-url": "https://packagist.org/downloads/",
            "license": [
                "BSD-3-Clause"
            ],
            "authors": [
                {
                    "name": "Frank Kleine",
                    "homepage": "http://frankkleine.de/",
                    "role": "Developer"
                }
            ],
            "description": "Virtual file system to mock the real file system in unit tests.",
            "homepage": "http://vfs.bovigo.org/",
            "support": {
                "issues": "https://github.com/bovigo/vfsStream/issues",
                "source": "https://github.com/bovigo/vfsStream/tree/master",
                "wiki": "https://github.com/bovigo/vfsStream/wiki"
            },
            "time": "2022-02-23T02:02:42+00:00"
        }
    ],
    "aliases": [],
    "minimum-stability": "stable",
    "stability-flags": [],
    "prefer-stable": false,
    "prefer-lowest": false,
    "platform": {
        "php": ">=8.2"
    },
    "platform-dev": [],
    "plugin-api-version": "2.6.0"
}
